
Microsoft Visual Studio Solution File, Format Version 11.00
# Visual Studio 2010
Project("{FAE04EC0-301F-11D3-BF4B-00C04F79EFBC}") = "FaceForNine", "FaceForNine\FaceForNine.csproj", "{0bb86e09-1872-4ac2-aa6a-dfbf8d5dd1cd}"
EndProject
Global
	GlobalSection(SolutionConfigurationPlatforms) = preSolution
		Debug|Any CPU = Debug|Any CPU
		Release|Any CPU = Release|Any CPU
	EndGlobalSection
	GlobalSection(ProjectConfigurationPlatforms) = postSolution
		{0BB86E09-1872-4AC2-AA6A-DFBF8D5DD1CD}.Debug|Any CPU.ActiveCfg = Debug|Any CPU
		{0BB86E09-1872-4AC2-AA6A-DFBF8D5DD1CD}.Debug|Any CPU.Build.0 = Debug|Any CPU
		{0BB86E09-1872-4AC2-AA6A-DFBF8D5DD1CD}.Release|Any CPU.ActiveCfg = Release|Any CPU
		{0BB86E09-1872-4AC2-AA6A-DFBF8D5DD1CD}.Release|Any CPU.Build.0 = Release|Any CPU
	EndGlobalSection
EndGlobal
